# @generated - this file is auto-generated by `mise lock` https://mise.jdx.dev/dev-tools/mise-lock.html

lockfile_version = 1

[[tools.aube]]
version = "2.4.0"
backend = "github:endevco/aube"
specifiers = ["latest"]

[tools.aube."platforms.linux-arm64"]
checksum = "sha256:cb21f9acd7240253021662d4f874912ef8614ad2af7847083e7370c518e419aa"
url = "https://github.com/aubepkg/aube/releases/download/v2.4.0/aube-v2.4.0-aarch64-unknown-linux-gnu.tar.gz"
url_api = "https://api.github.com/repos/aubepkg/aube/releases/assets/587367676"
provenance = "github-attestations"

[tools.aube."platforms.linux-arm64-musl"]
checksum = "sha256:015e34008dafffda17a3f05ffb7affdeec71c0bea31847c57c95c7d4bdbb59d3"
url = "https://github.com/aubepkg/aube/releases/download/v2.4.0/aube-v2.4.0-aarch64-unknown-linux-musl.tar.gz"
url_api = "https://api.github.com/repos/aubepkg/aube/releases/assets/587349344"
provenance = "github-attestations"

[tools.aube."platforms.linux-x64"]
checksum = "sha256:7896047bcbf2b21bc278c0a766d6d8a200ca1e4a37d261552e7e97788be0d3d5"
url = "https://github.com/aubepkg/aube/releases/download/v2.4.0/aube-v2.4.0-x86_64-unknown-linux-gnu.tar.gz"
url_api = "https://api.github.com/repos/aubepkg/aube/releases/assets/587348880"
provenance = "github-attestations"

[tools.aube."platforms.linux-x64-musl"]
checksum = "sha256:69aef2a7cec0f2bcb88504bf06c418c788f47cf11d8830c831bb42cbf6e156c8"
url = "https://github.com/aubepkg/aube/releases/download/v2.4.0/aube-v2.4.0-x86_64-unknown-linux-musl.tar.gz"
url_api = "https://api.github.com/repos/aubepkg/aube/releases/assets/587347702"
provenance = "github-attestations"

[tools.aube."platforms.macos-arm64"]
checksum = "sha256:93c782fa74a5558c8f67d43b15b1db85598b61df84faf19ba8e72698e38ef9b1"
url = "https://github.com/aubepkg/aube/releases/download/v2.4.0/aube-v2.4.0-aarch64-apple-darwin.tar.gz"
url_api = "https://api.github.com/repos/aubepkg/aube/releases/assets/587388336"
provenance = "github-attestations"

[tools.aube."platforms.macos-x64"]
checksum = "sha256:97d348d6c357a1e363ab1640e06eaa3ae12305e731d5ed7eb09bd9e3c028f734"
url = "https://github.com/aubepkg/aube/releases/download/v2.4.0/libaube-x86_64-apple-darwin.dylib"
url_api = "https://api.github.com/repos/aubepkg/aube/releases/assets/587361265"
provenance = "github-attestations"

[tools.aube."platforms.windows-x64"]
checksum = "sha256:8357e02ea6251ad325ccc8c99163a3d0a63ca8eaf2e7e75f0ed8578a81847455"
url = "https://github.com/aubepkg/aube/releases/download/v2.4.0/aube-v2.4.0-x86_64-pc-windows-msvc.zip"
url_api = "https://api.github.com/repos/aubepkg/aube/releases/assets/587368962"
provenance = "github-attestations"

[[tools.mr-boxington]]
version = "1.15.0"
backend = "packslip:github.com/jdx/mr-boxington"
specifiers = ["1.15.0"]

[tools.mr-boxington."platforms.linux-arm64"]
checksum = "sha256:36ffb9247dcddd7490abad4de5314908f766f913737b44865e03ba820046dd18"
url = "https://github.com/jdx/mr-boxington/releases/download/v1.15.0/mbx-aarch64-unknown-linux-gnu.tar.gz"
signer = "sigstore-oidc:https://github.com/jdx/mr-boxington/.github/workflows/release.yml"

[tools.mr-boxington."platforms.linux-arm64-musl"]
checksum = "sha256:d0bb6c0eb4b4ba9abed39516ab769ca62429e3e47b548848ac40becee6870c2a"
url = "https://github.com/jdx/mr-boxington/releases/download/v1.15.0/mbx-aarch64-unknown-linux-musl.tar.gz"
signer = "sigstore-oidc:https://github.com/jdx/mr-boxington/.github/workflows/release.yml"

[tools.mr-boxington."platforms.linux-x64"]
checksum = "sha256:ee89e29a76849fe6344d81187cdcdb8c7710b96d7a2f54a7f99dc9f49eba114e"
url = "https://github.com/jdx/mr-boxington/releases/download/v1.15.0/mbx-x86_64-unknown-linux-gnu.tar.gz"
signer = "sigstore-oidc:https://github.com/jdx/mr-boxington/.github/workflows/release.yml"

[tools.mr-boxington."platforms.linux-x64-musl"]
checksum = "sha256:bf9fcc7ed39e4923588f6c25a781aa59eb466fec347102a3bb1a0c2acd12ebf8"
url = "https://github.com/jdx/mr-boxington/releases/download/v1.15.0/mbx-x86_64-unknown-linux-musl.tar.gz"
signer = "sigstore-oidc:https://github.com/jdx/mr-boxington/.github/workflows/release.yml"

[tools.mr-boxington."platforms.macos-arm64"]
checksum = "sha256:291f6b5c6e3faf24497de71291ed56217f7cd685b09e24e574d69ee11b88378d"
url = "https://github.com/jdx/mr-boxington/releases/download/v1.15.0/mbx-aarch64-apple-darwin.tar.gz"
signer = "sigstore-oidc:https://github.com/jdx/mr-boxington/.github/workflows/release.yml"

[tools.mr-boxington."platforms.windows-x64"]
checksum = "sha256:ee84a19ce683e1e5e219aa5f80f3ebce5127862ff123ff5f8bc7a64286ffac0a"
url = "https://github.com/jdx/mr-boxington/releases/download/v1.15.0/mbx-x86_64-pc-windows-msvc.zip"
signer = "sigstore-oidc:https://github.com/jdx/mr-boxington/.github/workflows/release.yml"

[[tools.node]]
version = "26.10.0"
backend = "core:node"
specifiers = ["26"]

[tools.node."platforms.linux-arm64"]
checksum = "sha256:423a41bff8e2a2fa15e702fefe2919ef95823b2378744daccb8439302534b44f"
url = "https://nodejs.org/dist/v26.10.0/node-v26.10.0-linux-arm64.tar.gz"

[tools.node."platforms.linux-arm64-musl"]
checksum = "sha256:d26027bff3197050d2a2b0bfa151b18e8378ed81affa2bf5093804db158979b6"
url = "https://unofficial-builds.nodejs.org/download/release/v26.10.0/node-v26.10.0-linux-arm64-musl.tar.gz"

[tools.node."platforms.linux-x64"]
checksum = "sha256:cb5c9ce9c80d7b8821e3a258543c71b939138cf17c74d5cc44bbe85d6dbc5ad8"
url = "https://nodejs.org/dist/v26.10.0/node-v26.10.0-linux-x64.tar.gz"

[tools.node."platforms.linux-x64-musl"]
checksum = "sha256:e42da94821b9422eb76bf5aaf4de0977e04ba320b8aff6148d895a94b08ee223"
url = "https://unofficial-builds.nodejs.org/download/release/v26.10.0/node-v26.10.0-linux-x64-musl.tar.gz"

[tools.node."platforms.macos-arm64"]
checksum = "sha256:751fdf7439f115d87ee2a8f3f18c065b6151852068e3e666ac60ac2996f75ac9"
url = "https://nodejs.org/dist/v26.10.0/node-v26.10.0-darwin-arm64.tar.gz"

[tools.node."platforms.macos-x64"]
checksum = "sha256:ebbe9ab9b58ad6bb54390d6e2c862c1afa7d4475fb7e8ae8146acde211bf70df"
url = "https://nodejs.org/dist/v26.10.0/node-v26.10.0-darwin-x64.tar.gz"

[tools.node."platforms.windows-x64"]
checksum = "sha256:9fef7eca6743a6b910989cd8e78712376b394fcb9b6e1e9c44a0799a287f90c5"
url = "https://nodejs.org/dist/v26.10.0/node-v26.10.0-win-x64.zip"

[[tools."npm:@fission-ai/openspec"]]
version = "1.13.2"
aube = { path = ".mise/locks/npm-fission-ai-openspec/1.13.1~dea1420d", digest = "sha256:4306fce36eda05eb6289b8f8c441590e54aec1b4648e1a7bb6f7fbf8aa3c9436" }
backend = "npm:@fission-ai/openspec"
specifiers = ["latest"]

[tools."npm:@fission-ai/openspec".options]
aube_args = "--deny-build=@fission-ai/openspec"

[[tools.ripgrep]]
version = "15.2.0"
backend = "aqua:BurntSushi/ripgrep"
specifiers = ["latest"]

[tools.ripgrep."platforms.linux-arm64"]
checksum = "sha256:a740b91c82eaf9914cfedd353572f2791cbe0162c84101ee0951058f4dcbc90d"
url = "https://github.com/BurntSushi/ripgrep/releases/download/15.2.0/ripgrep-15.2.0-aarch64-unknown-linux-gnu.tar.gz"
url_api = "https://api.github.com/repos/BurntSushi/ripgrep/releases/assets/478119579"

[tools.ripgrep."platforms.linux-arm64-musl"]
checksum = "sha256:800b1e7206afe799dfb5a6901f23147cfaabe0e52210538100f61e86e1740915"
url = "https://github.com/BurntSushi/ripgrep/releases/download/15.2.0/ripgrep-15.2.0-aarch64-unknown-linux-musl.tar.gz"
url_api = "https://api.github.com/repos/BurntSushi/ripgrep/releases/assets/478120060"

[tools.ripgrep."platforms.linux-x64"]
checksum = "sha256:33e15bcf1624b25cdd2a55813a47a2f95dbe126268203e76aa6a585d1e7b149c"
url = "https://github.com/BurntSushi/ripgrep/releases/download/15.2.0/ripgrep-15.2.0-x86_64-unknown-linux-musl.tar.gz"
url_api = "https://api.github.com/repos/BurntSushi/ripgrep/releases/assets/478120097"

[tools.ripgrep."platforms.linux-x64-musl"]
checksum = "sha256:33e15bcf1624b25cdd2a55813a47a2f95dbe126268203e76aa6a585d1e7b149c"
url = "https://github.com/BurntSushi/ripgrep/releases/download/15.2.0/ripgrep-15.2.0-x86_64-unknown-linux-musl.tar.gz"
url_api = "https://api.github.com/repos/BurntSushi/ripgrep/releases/assets/478120097"

[tools.ripgrep."platforms.macos-arm64"]
checksum = "sha256:3750b2e93f37e0c692657da574d7019a101c0084da05a790c83fd335bad973e4"
url = "https://github.com/BurntSushi/ripgrep/releases/download/15.2.0/ripgrep-15.2.0-aarch64-apple-darwin.tar.gz"
url_api = "https://api.github.com/repos/BurntSushi/ripgrep/releases/assets/478118851"

[tools.ripgrep."platforms.macos-x64"]
checksum = "sha256:af7825fcc69a2afc7a7aea55fc9af90e26421d8f20fe59df32e233c0b8a231c1"
url = "https://github.com/BurntSushi/ripgrep/releases/download/15.2.0/ripgrep-15.2.0-x86_64-apple-darwin.tar.gz"
url_api = "https://api.github.com/repos/BurntSushi/ripgrep/releases/assets/478119585"

[tools.ripgrep."platforms.windows-x64"]
checksum = "sha256:71b2fef860abe467217a538ff31de02f5258807c0129f771846f87bd029aafc5"
url = "https://github.com/BurntSushi/ripgrep/releases/download/15.2.0/ripgrep-15.2.0-x86_64-pc-windows-msvc.zip"
url_api = "https://api.github.com/repos/BurntSushi/ripgrep/releases/assets/478119643"

[[tools.rust]]
version = "1.98.1"
backend = "core:rust"
specifiers = ["1.98.1"]
