# @generated - this file is auto-generated by `mise lock` https://mise.jdx.dev/dev-tools/mise-lock.html

lockfile_version = 1

[[tools.aube]]
version = "2.2.0"
backend = "github:endevco/aube"
specifiers = ["latest"]

[[tools.node]]
version = "24.20.0"
backend = "core:node"
specifiers = ["24"]

[[tools."npm:@fission-ai/openspec"]]
version = "1.11.0"
backend = "npm:@fission-ai/openspec"
specifiers = ["latest"]

[tools."npm:@fission-ai/openspec".options]
aube_args = "--deny-build=@fission-ai/openspec"

[[tools.ripgrep]]
version = "15.2.0"
backend = "aqua:BurntSushi/ripgrep"
specifiers = ["latest"]

[[tools.rust]]
version = "1.98.0"
backend = "core:rust"
specifiers = ["1.98.0"]
